
Microsoft Visual Studio Solution File, Format Version 12.00
# Visual Studio Version 18
VisualStudioVersion = 18.6.11723.189 insiders
MinimumVisualStudioVersion = 10.0.40219.1
Project("{FAE04EC0-301F-11D3-BF4B-00C04F79EFBC}") = "Numerinus.Setup", "Numerinus.Setup.csproj", "{7F8358F2-03A2-1A93-8344-D2D9F26054E0}"
EndProject
Global
	GlobalSection(SolutionConfigurationPlatforms) = preSolution
		Debug|Any CPU = Debug|Any CPU
		Release|Any CPU = Release|Any CPU
	EndGlobalSection
	GlobalSection(ProjectConfigurationPlatforms) = postSolution
		{7F8358F2-03A2-1A93-8344-D2D9F26054E0}.Debug|Any CPU.ActiveCfg = Debug|Any CPU
		{7F8358F2-03A2-1A93-8344-D2D9F26054E0}.Debug|Any CPU.Build.0 = Debug|Any CPU
		{7F8358F2-03A2-1A93-8344-D2D9F26054E0}.Release|Any CPU.ActiveCfg = Release|Any CPU
		{7F8358F2-03A2-1A93-8344-D2D9F26054E0}.Release|Any CPU.Build.0 = Release|Any CPU
	EndGlobalSection
	GlobalSection(SolutionProperties) = preSolution
		HideSolutionNode = FALSE
	EndGlobalSection
	GlobalSection(ExtensibilityGlobals) = postSolution
		SolutionGuid = {9D725C5B-CAAC-4E7B-A0C3-86613EE60D0B}
	EndGlobalSection
EndGlobal
